
Microsoft Visual Studio Solution File, Format Version 12.00
# Visual Studio Version 16
VisualStudioVersion = 16.0.30204.135
MinimumVisualStudioVersion = 10.0.40219.1
Project("{9A19103F-16F7-4668-BE54-9A1E7A4F7556}") = "GravitonCar", "GravitonCar\GravitonCar.csproj", "{7C56E95F-6046-4DB6-A038-B64C066F57AA}"
EndProject
Project("{FAE04EC0-301F-11D3-BF4B-00C04F79EFBC}") = "GravitonCarLibrary", "GravitonCarLibrary\GravitonCarLibrary.csproj", "{DFBD2F42-99AD-4A90-A453-BAB9D77E6E4B}"
EndProject
Project("{C7167F0D-BC9F-4E6E-AFE1-012C56B48DB5}") = "TheThreeFinanceInstaller", "TheThreeFinanceInstaller\TheThreeFinanceInstaller.wapproj", "{BA700164-5FF3-4D6E-B76D-2D1375D4DF15}"
EndProject
Global
	GlobalSection(SolutionConfigurationPlatforms) = preSolution
		Debug|Any CPU = Debug|Any CPU
		Debug|ARM = Debug|ARM
		Debug|ARM64 = Debug|ARM64
		Debug|x64 = Debug|x64
		Debug|x86 = Debug|x86
		Release|Any CPU = Release|Any CPU
		Release|ARM = Release|ARM
		Release|ARM64 = Release|ARM64
		Release|x64 = Release|x64
		Release|x86 = Release|x86
	EndGlobalSection
	GlobalSection(ProjectConfigurationPlatforms) = postSolution
		{7C56E95F-6046-4DB6-A038-B64C066F57AA}.Debug|Any CPU.ActiveCfg = Debug|Any CPU
		{7C56E95F-6046-4DB6-A038-B64C066F57AA}.Debug|Any CPU.Build.0 = Debug|Any CPU
		{7C56E95F-6046-4DB6-A038-B64C066F57AA}.Debug|ARM.ActiveCfg = Debug|Any CPU
		{7C56E95F-6046-4DB6-A038-B64C066F57AA}.Debug|ARM.Build.0 = Debug|Any CPU
		{7C56E95F-6046-4DB6-A038-B64C066F57AA}.Debug|ARM64.ActiveCfg = Debug|Any CPU
		{7C56E95F-6046-4DB6-A038-B64C066F57AA}.Debug|ARM64.Build.0 = Debug|Any CPU
		{7C56E95F-6046-4DB6-A038-B64C066F57AA}.Debug|x64.ActiveCfg = Debug|Any CPU
		{7C56E95F-6046-4DB6-A038-B64C066F57AA}.Debug|x64.Build.0 = Debug|Any CPU
		{7C56E95F-6046-4DB6-A038-B64C066F57AA}.Debug|x86.ActiveCfg = Debug|Any CPU
		{7C56E95F-6046-4DB6-A038-B64C066F57AA}.Debug|x86.Build.0 = Debug|Any CPU
		{7C56E95F-6046-4DB6-A038-B64C066F57AA}.Release|Any CPU.ActiveCfg = Release|Any CPU
		{7C56E95F-6046-4DB6-A038-B64C066F57AA}.Release|Any CPU.Build.0 = Release|Any CPU
		{7C56E95F-6046-4DB6-A038-B64C066F57AA}.Release|ARM.ActiveCfg = Release|Any CPU
		{7C56E95F-6046-4DB6-A038-B64C066F57AA}.Release|ARM.Build.0 = Release|Any CPU
		{7C56E95F-6046-4DB6-A038-B64C066F57AA}.Release|ARM64.ActiveCfg = Release|Any CPU
		{7C56E95F-6046-4DB6-A038-B64C066F57AA}.Release|ARM64.Build.0 = Release|Any CPU
		{7C56E95F-6046-4DB6-A038-B64C066F57AA}.Release|x64.ActiveCfg = Release|x64
		{7C56E95F-6046-4DB6-A038-B64C066F57AA}.Release|x64.Build.0 = Release|x64
		{7C56E95F-6046-4DB6-A038-B64C066F57AA}.Release|x86.ActiveCfg = Release|x86
		{7C56E95F-6046-4DB6-A038-B64C066F57AA}.Release|x86.Build.0 = Release|x86
		{DFBD2F42-99AD-4A90-A453-BAB9D77E6E4B}.Debug|Any CPU.ActiveCfg = Debug|Any CPU
		{DFBD2F42-99AD-4A90-A453-BAB9D77E6E4B}.Debug|Any CPU.Build.0 = Debug|Any CPU
		{DFBD2F42-99AD-4A90-A453-BAB9D77E6E4B}.Debug|ARM.ActiveCfg = Debug|Any CPU
		{DFBD2F42-99AD-4A90-A453-BAB9D77E6E4B}.Debug|ARM.Build.0 = Debug|Any CPU
		{DFBD2F42-99AD-4A90-A453-BAB9D77E6E4B}.Debug|ARM64.ActiveCfg = Debug|Any CPU
		{DFBD2F42-99AD-4A90-A453-BAB9D77E6E4B}.Debug|ARM64.Build.0 = Debug|Any CPU
		{DFBD2F42-99AD-4A90-A453-BAB9D77E6E4B}.Debug|x64.ActiveCfg = Debug|Any CPU
		{DFBD2F42-99AD-4A90-A453-BAB9D77E6E4B}.Debug|x64.Build.0 = Debug|Any CPU
		{DFBD2F42-99AD-4A90-A453-BAB9D77E6E4B}.Debug|x86.ActiveCfg = Debug|Any CPU
		{DFBD2F42-99AD-4A90-A453-BAB9D77E6E4B}.Debug|x86.Build.0 = Debug|Any CPU
		{DFBD2F42-99AD-4A90-A453-BAB9D77E6E4B}.Release|Any CPU.ActiveCfg = Release|Any CPU
		{DFBD2F42-99AD-4A90-A453-BAB9D77E6E4B}.Release|Any CPU.Build.0 = Release|Any CPU
		{DFBD2F42-99AD-4A90-A453-BAB9D77E6E4B}.Release|ARM.ActiveCfg = Release|Any CPU
		{DFBD2F42-99AD-4A90-A453-BAB9D77E6E4B}.Release|ARM.Build.0 = Release|Any CPU
		{DFBD2F42-99AD-4A90-A453-BAB9D77E6E4B}.Release|ARM64.ActiveCfg = Release|Any CPU
		{DFBD2F42-99AD-4A90-A453-BAB9D77E6E4B}.Release|ARM64.Build.0 = Release|Any CPU
		{DFBD2F42-99AD-4A90-A453-BAB9D77E6E4B}.Release|x64.ActiveCfg = Release|x64
		{DFBD2F42-99AD-4A90-A453-BAB9D77E6E4B}.Release|x64.Build.0 = Release|x64
		{DFBD2F42-99AD-4A90-A453-BAB9D77E6E4B}.Release|x86.ActiveCfg = Release|x86
		{DFBD2F42-99AD-4A90-A453-BAB9D77E6E4B}.Release|x86.Build.0 = Release|x86
		{BA700164-5FF3-4D6E-B76D-2D1375D4DF15}.Debug|Any CPU.ActiveCfg = Debug|Any CPU
		{BA700164-5FF3-4D6E-B76D-2D1375D4DF15}.Debug|Any CPU.Build.0 = Debug|Any CPU
		{BA700164-5FF3-4D6E-B76D-2D1375D4DF15}.Debug|Any CPU.Deploy.0 = Debug|Any CPU
		{BA700164-5FF3-4D6E-B76D-2D1375D4DF15}.Debug|ARM.ActiveCfg = Debug|ARM
		{BA700164-5FF3-4D6E-B76D-2D1375D4DF15}.Debug|ARM.Build.0 = Debug|ARM
		{BA700164-5FF3-4D6E-B76D-2D1375D4DF15}.Debug|ARM.Deploy.0 = Debug|ARM
		{BA700164-5FF3-4D6E-B76D-2D1375D4DF15}.Debug|ARM64.ActiveCfg = Debug|ARM64
		{BA700164-5FF3-4D6E-B76D-2D1375D4DF15}.Debug|ARM64.Build.0 = Debug|ARM64
		{BA700164-5FF3-4D6E-B76D-2D1375D4DF15}.Debug|ARM64.Deploy.0 = Debug|ARM64
		{BA700164-5FF3-4D6E-B76D-2D1375D4DF15}.Debug|x64.ActiveCfg = Debug|x64
		{BA700164-5FF3-4D6E-B76D-2D1375D4DF15}.Debug|x64.Build.0 = Debug|x64
		{BA700164-5FF3-4D6E-B76D-2D1375D4DF15}.Debug|x64.Deploy.0 = Debug|x64
		{BA700164-5FF3-4D6E-B76D-2D1375D4DF15}.Debug|x86.ActiveCfg = Debug|x86
		{BA700164-5FF3-4D6E-B76D-2D1375D4DF15}.Debug|x86.Build.0 = Debug|x86
		{BA700164-5FF3-4D6E-B76D-2D1375D4DF15}.Debug|x86.Deploy.0 = Debug|x86
		{BA700164-5FF3-4D6E-B76D-2D1375D4DF15}.Release|Any CPU.ActiveCfg = Release|Any CPU
		{BA700164-5FF3-4D6E-B76D-2D1375D4DF15}.Release|Any CPU.Build.0 = Release|Any CPU
		{BA700164-5FF3-4D6E-B76D-2D1375D4DF15}.Release|Any CPU.Deploy.0 = Release|Any CPU
		{BA700164-5FF3-4D6E-B76D-2D1375D4DF15}.Release|ARM.ActiveCfg = Release|ARM
		{BA700164-5FF3-4D6E-B76D-2D1375D4DF15}.Release|ARM.Build.0 = Release|ARM
		{BA700164-5FF3-4D6E-B76D-2D1375D4DF15}.Release|ARM.Deploy.0 = Release|ARM
		{BA700164-5FF3-4D6E-B76D-2D1375D4DF15}.Release|ARM64.ActiveCfg = Release|ARM64
		{BA700164-5FF3-4D6E-B76D-2D1375D4DF15}.Release|ARM64.Build.0 = Release|ARM64
		{BA700164-5FF3-4D6E-B76D-2D1375D4DF15}.Release|ARM64.Deploy.0 = Release|ARM64
		{BA700164-5FF3-4D6E-B76D-2D1375D4DF15}.Release|x64.ActiveCfg = Release|x64
		{BA700164-5FF3-4D6E-B76D-2D1375D4DF15}.Release|x64.Build.0 = Release|x64
		{BA700164-5FF3-4D6E-B76D-2D1375D4DF15}.Release|x64.Deploy.0 = Release|x64
		{BA700164-5FF3-4D6E-B76D-2D1375D4DF15}.Release|x86.ActiveCfg = Release|x86
		{BA700164-5FF3-4D6E-B76D-2D1375D4DF15}.Release|x86.Build.0 = Release|x86
		{BA700164-5FF3-4D6E-B76D-2D1375D4DF15}.Release|x86.Deploy.0 = Release|x86
	EndGlobalSection
	GlobalSection(SolutionProperties) = preSolution
		HideSolutionNode = FALSE
	EndGlobalSection
	GlobalSection(ExtensibilityGlobals) = postSolution
		SolutionGuid = {93D9D7A7-FB89-4FE9-9C97-18D0EF33B925}
	EndGlobalSection
EndGlobal
